PODS:
  - AFNetworking (2.5.4):
    - AFNetworking/NSURLConnection (= 2.5.4)
    - AFNetworking/NSURLSession (= 2.5.4)
    - AFNetworking/Reachability (= 2.5.4)
    - AFNetworking/Security (= 2.5.4)
    - AFNetworking/Serialization (= 2.5.4)
    - AFNetworking/UIKit (= 2.5.4)
  - AFNetworking/NSURLConnection (2.5.4):
    - AFNetworking/Reachability
    - AFNetworking/Security
    - AFNetworking/Serialization
  - AFNetworking/NSURLSession (2.5.4):
    - AFNetworking/Reachability
    - AFNetworking/Security
    - AFNetworking/Serialization
  - AFNetworking/Reachability (2.5.4)
  - AFNetworking/Security (2.5.4)
  - AFNetworking/Serialization (2.5.4)
  - AFNetworking/UIKit (2.5.4):
    - AFNetworking/NSURLConnection
    - AFNetworking/NSURLSession
  - EGOTableViewPullRefresh (0.1.0)
  - SDWebImage (3.7.2):
    - SDWebImage/Core (= 3.7.2)
  - SDWebImage/Core (3.7.2)
  - SWRevealViewController (2.3.0)

DEPENDENCIES:
  - AFNetworking
  - EGOTableViewPullRefresh (~> 0.1.0)
  - SDWebImage
  - SWRevealViewController

SPEC CHECKSUMS:
  AFNetworking: 05edc0ac4c4c8cf57bcf4b84be5b0744b6d8e71e
  EGOTableViewPullRefresh: d4c15be51914f4168d6fd7529b6ad3a4ab01e5f4
  SDWebImage: 71b7cdc1d1721d6a82ed62889030225f2c249e29
  SWRevealViewController: 6d3fd97f70112fd7cef9de14df4260eacce4c63a

COCOAPODS: 0.37.2
