// !$*UTF8*$!
{
	archiveVersion = 1;
	classes = {
	};
	objectVersion = 46;
	objects = {

/* Begin PBXBuildFile section */
		95FFA4E629FA97BD19FE8B4F /* libPods.a in Frameworks */ = {isa = PBXBuildFile; fileRef = AFBEBB398DE331AAA35A810D /* libPods.a */; };
		EA06DF531B423C1800E30733 /* dailyImagePlacehold320.png in Resources */ = {isa = PBXBuildFile; fileRef = EA06DF501B423C1800E30733 /* dailyImagePlacehold320.png */; };
		EA06DF541B423C1800E30733 /* dailyImagePlacehold375.png in Resources */ = {isa = PBXBuildFile; fileRef = EA06DF511B423C1800E30733 /* dailyImagePlacehold375.png */; };
		EA06DF551B423C1800E30733 /* dailyImagePlacehold414.png in Resources */ = {isa = PBXBuildFile; fileRef = EA06DF521B423C1800E30733 /* dailyImagePlacehold414.png */; };
		EA29D7141B33134F002DCCAF /* CoreData.framework in Frameworks */ = {isa = PBXBuildFile; fileRef = EA29D7131B33134F002DCCAF /* CoreData.framework */; };
		EA29D7261B3315F1002DCCAF /* Story.m in Sources */ = {isa = PBXBuildFile; fileRef = EA29D7251B3315F1002DCCAF /* Story.m */; };
		EA29D7291B3315F2002DCCAF /* Date.m in Sources */ = {isa = PBXBuildFile; fileRef = EA29D7281B3315F2002DCCAF /* Date.m */; };
		EA29D72C1B3315F2002DCCAF /* Theme.m in Sources */ = {isa = PBXBuildFile; fileRef = EA29D72B1B3315F2002DCCAF /* Theme.m */; };
		EA29D72F1B3315F2002DCCAF /* ThemeStory.m in Sources */ = {isa = PBXBuildFile; fileRef = EA29D72E1B3315F2002DCCAF /* ThemeStory.m */; };
		EA43A6FF1B369A2700FF3FF0 /* DailyTableSectionHeader.xib in Resources */ = {isa = PBXBuildFile; fileRef = EA43A6FE1B369A2700FF3FF0 /* DailyTableSectionHeader.xib */; };
		EA43A7021B369F7900FF3FF0 /* DailyTableSectionHeader.m in Sources */ = {isa = PBXBuildFile; fileRef = EA43A7011B369F7900FF3FF0 /* DailyTableSectionHeader.m */; };
		EA82B5921B4564AA004042AA /* TopStory.m in Sources */ = {isa = PBXBuildFile; fileRef = EA82B5911B4564AA004042AA /* TopStory.m */; };
		EAA74EF41B31A7E100EE9360 /* MenuTableViewController.m in Sources */ = {isa = PBXBuildFile; fileRef = EAA74EF31B31A7E100EE9360 /* MenuTableViewController.m */; };
		EAA74EFD1B31AF0D00EE9360 /* ContentViewController.m in Sources */ = {isa = PBXBuildFile; fileRef = EAA74EFC1B31AF0D00EE9360 /* ContentViewController.m */; };
		EAA74F0B1B31B9B300EE9360 /* Main.storyboard in Resources */ = {isa = PBXBuildFile; fileRef = EAA74F0A1B31B9B300EE9360 /* Main.storyboard */; };
		EAA74F0E1B31BC1300EE9360 /* DailyTableViewController.m in Sources */ = {isa = PBXBuildFile; fileRef = EAA74F0D1B31BC1300EE9360 /* DailyTableViewController.m */; };
		EAA74F111B31BC4400EE9360 /* SubjectTableViewController.m in Sources */ = {isa = PBXBuildFile; fileRef = EAA74F101B31BC4400EE9360 /* SubjectTableViewController.m */; };
		EAAFDBC21B3BF612007DA451 /* EGORefreshTableHeaderView.m in Sources */ = {isa = PBXBuildFile; fileRef = EAAFDBAD1B3BF612007DA451 /* EGORefreshTableHeaderView.m */; };
		EAAFDBC31B3BF612007DA451 /* LoadMoreTableFooterView.m in Sources */ = {isa = PBXBuildFile; fileRef = EAAFDBB01B3BF612007DA451 /* LoadMoreTableFooterView.m */; };
		EAAFDBC41B3BF612007DA451 /* blackArrow.png in Resources */ = {isa = PBXBuildFile; fileRef = EAAFDBB21B3BF612007DA451 /* blackArrow.png */; };
		EAAFDBC51B3BF612007DA451 /* blackArrow@2x.png in Resources */ = {isa = PBXBuildFile; fileRef = EAAFDBB31B3BF612007DA451 /* blackArrow@2x.png */; };
		EAAFDBC61B3BF612007DA451 /* blackArrowLoadMore.png in Resources */ = {isa = PBXBuildFile; fileRef = EAAFDBB41B3BF612007DA451 /* blackArrowLoadMore.png */; };
		EAAFDBC71B3BF612007DA451 /* blackArrowLoadMore@2x.png in Resources */ = {isa = PBXBuildFile; fileRef = EAAFDBB51B3BF612007DA451 /* blackArrowLoadMore@2x.png */; };
		EAAFDBC81B3BF612007DA451 /* blueArrow.png in Resources */ = {isa = PBXBuildFile; fileRef = EAAFDBB61B3BF612007DA451 /* blueArrow.png */; };
		EAAFDBC91B3BF612007DA451 /* blueArrow@2x.png in Resources */ = {isa = PBXBuildFile; fileRef = EAAFDBB71B3BF612007DA451 /* blueArrow@2x.png */; };
		EAAFDBCA1B3BF612007DA451 /* blueArrowLoadMore.png in Resources */ = {isa = PBXBuildFile; fileRef = EAAFDBB81B3BF612007DA451 /* blueArrowLoadMore.png */; };
		EAAFDBCB1B3BF612007DA451 /* blueArrowLoadMore@2x.png in Resources */ = {isa = PBXBuildFile; fileRef = EAAFDBB91B3BF612007DA451 /* blueArrowLoadMore@2x.png */; };
		EAAFDBCC1B3BF612007DA451 /* grayArrow.png in Resources */ = {isa = PBXBuildFile; fileRef = EAAFDBBA1B3BF612007DA451 /* grayArrow.png */; };
		EAAFDBCD1B3BF612007DA451 /* grayArrow@2x.png in Resources */ = {isa = PBXBuildFile; fileRef = EAAFDBBB1B3BF612007DA451 /* grayArrow@2x.png */; };
		EAAFDBCE1B3BF612007DA451 /* grayArrowLoadMore.png in Resources */ = {isa = PBXBuildFile; fileRef = EAAFDBBC1B3BF612007DA451 /* grayArrowLoadMore.png */; };
		EAAFDBCF1B3BF612007DA451 /* grayArrowLoadMore@2x.png in Resources */ = {isa = PBXBuildFile; fileRef = EAAFDBBD1B3BF612007DA451 /* grayArrowLoadMore@2x.png */; };
		EAAFDBD01B3BF612007DA451 /* whiteArrow.png in Resources */ = {isa = PBXBuildFile; fileRef = EAAFDBBE1B3BF612007DA451 /* whiteArrow.png */; };
		EAAFDBD11B3BF612007DA451 /* whiteArrow@2x.png in Resources */ = {isa = PBXBuildFile; fileRef = EAAFDBBF1B3BF612007DA451 /* whiteArrow@2x.png */; };
		EAAFDBD21B3BF612007DA451 /* whiteArrowLoadMore.png in Resources */ = {isa = PBXBuildFile; fileRef = EAAFDBC01B3BF612007DA451 /* whiteArrowLoadMore.png */; };
		EAAFDBD31B3BF612007DA451 /* whiteArrowLoadMore@2x.png in Resources */ = {isa = PBXBuildFile; fileRef = EAAFDBC11B3BF612007DA451 /* whiteArrowLoadMore@2x.png */; };
		EABAA8C31B3D3B540056D242 /* 知乎日报-API-分析.md in Sources */ = {isa = PBXBuildFile; fileRef = EABAA8C21B3D3B540056D242 /* 知乎日报-API-分析.md */; };
		EABAA8D21B3D4CA60056D242 /* Localizable.strings in Resources */ = {isa = PBXBuildFile; fileRef = EABAA8D01B3D4CA60056D242 /* Localizable.strings */; };
		EABAA8D61B3D4CB30056D242 /* Localizable.strings in Resources */ = {isa = PBXBuildFile; fileRef = EABAA8D41B3D4CB30056D242 /* Localizable.strings */; };
		EABE31901B38FC730004BB69 /* Doc in Resources */ = {isa = PBXBuildFile; fileRef = EABE318F1B38FC730004BB69 /* Doc */; };
		EAC2883A1B30459600390CFB /* main.m in Sources */ = {isa = PBXBuildFile; fileRef = EAC288391B30459600390CFB /* main.m */; };
		EAC2883D1B30459600390CFB /* AppDelegate.m in Sources */ = {isa = PBXBuildFile; fileRef = EAC2883C1B30459600390CFB /* AppDelegate.m */; };
		EAC288401B30459600390CFB /* ZhiHuHot.xcdatamodeld in Sources */ = {isa = PBXBuildFile; fileRef = EAC2883E1B30459600390CFB /* ZhiHuHot.xcdatamodeld */; };
		EAC288481B30459700390CFB /* Images.xcassets in Resources */ = {isa = PBXBuildFile; fileRef = EAC288471B30459700390CFB /* Images.xcassets */; };
		EAC2884B1B30459700390CFB /* LaunchScreen.xib in Resources */ = {isa = PBXBuildFile; fileRef = EAC288491B30459700390CFB /* LaunchScreen.xib */; };
		EAC288571B30459700390CFB /* ZhiHuHotTests.m in Sources */ = {isa = PBXBuildFile; fileRef = EAC288561B30459700390CFB /* ZhiHuHotTests.m */; };
		EAC880CA1B41623600946EC9 /* ImagesScrollView.m in Sources */ = {isa = PBXBuildFile; fileRef = EAC880C91B41623600946EC9 /* ImagesScrollView.m */; };
		EADD2F0F1B33D56E0087C1CA /* NetClient.m in Sources */ = {isa = PBXBuildFile; fileRef = EADD2F0E1B33D56E0087C1CA /* NetClient.m */; };
		EADD2F161B3417F40087C1CA /* AppHelper.m in Sources */ = {isa = PBXBuildFile; fileRef = EADD2F151B3417F40087C1CA /* AppHelper.m */; };
		EAFD51CF1B392F9B007307BE /* ListTableViewCell.m in Sources */ = {isa = PBXBuildFile; fileRef = EAFD51CE1B392F9B007307BE /* ListTableViewCell.m */; };
		EAFD51D61B396D31007307BE /* ContentHeaderView.xib in Resources */ = {isa = PBXBuildFile; fileRef = EAFD51D51B396D31007307BE /* ContentHeaderView.xib */; };
		EAFD51D91B396D59007307BE /* ContentHeaderView.m in Sources */ = {isa = PBXBuildFile; fileRef = EAFD51D81B396D59007307BE /* ContentHeaderView.m */; };
		EAFD51DD1B39A6F1007307BE /* LinkViewController.m in Sources */ = {isa = PBXBuildFile; fileRef = EAFD51DB1B39A6F1007307BE /* LinkViewController.m */; };
		EAFD51DE1B39A6F1007307BE /* LinkViewController.xib in Resources */ = {isa = PBXBuildFile; fileRef = EAFD51DC1B39A6F1007307BE /* LinkViewController.xib */; };
/* End PBXBuildFile section */

/* Begin PBXContainerItemProxy section */
		EAC288511B30459700390CFB /* PBXContainerItemProxy */ = {
			isa = PBXContainerItemProxy;
			containerPortal = EAC2882C1B30459600390CFB /* Project object */;
			proxyType = 1;
			remoteGlobalIDString = EAC288331B30459600390CFB;
			remoteInfo = ZhiHuHot;
		};
/* End PBXContainerItemProxy section */

/* Begin PBXFileReference section */
		602AD774374D7FD2A394DF34 /* Pods.debug.xcconfig */ = {isa = PBXFileReference; includeInIndex = 1; lastKnownFileType = text.xcconfig; name = Pods.debug.xcconfig; path = "Pods/Target Support Files/Pods/Pods.debug.xcconfig"; sourceTree = "<group>"; };
		AFBEBB398DE331AAA35A810D /* libPods.a */ = {isa = PBXFileReference; explicitFileType = archive.ar; includeInIndex = 0; path = libPods.a; sourceTree = BUILT_PRODUCTS_DIR; };
		D2DB723098B3D2807A3403B1 /* Pods.release.xcconfig */ = {isa = PBXFileReference; includeInIndex = 1; lastKnownFileType = text.xcconfig; name = Pods.release.xcconfig; path = "Pods/Target Support Files/Pods/Pods.release.xcconfig"; sourceTree = "<group>"; };
		EA06DF501B423C1800E30733 /* dailyImagePlacehold320.png */ = {isa = PBXFileReference; lastKnownFileType = image.png; path = dailyImagePlacehold320.png; sourceTree = "<group>"; };
		EA06DF511B423C1800E30733 /* dailyImagePlacehold375.png */ = {isa = PBXFileReference; lastKnownFileType = image.png; path = dailyImagePlacehold375.png; sourceTree = "<group>"; };
		EA06DF521B423C1800E30733 /* dailyImagePlacehold414.png */ = {isa = PBXFileReference; lastKnownFileType = image.png; path = dailyImagePlacehold414.png; sourceTree = "<group>"; };
		EA16E5D11B464F720034A6ED /* ZhiHuHot 5.xcdatamodel */ = {isa = PBXFileReference; lastKnownFileType = wrapper.xcdatamodel; path = "ZhiHuHot 5.xcdatamodel"; sourceTree = "<group>"; };
		EA16E5D21B4660D80034A6ED /* ZhiHuHot 6.xcdatamodel */ = {isa = PBXFileReference; lastKnownFileType = wrapper.xcdatamodel; path = "ZhiHuHot 6.xcdatamodel"; sourceTree = "<group>"; };
		EA29D7131B33134F002DCCAF /* CoreData.framework */ = {isa = PBXFileReference; lastKnownFileType = wrapper.framework; name = CoreData.framework; path = System/Library/Frameworks/CoreData.framework; sourceTree = SDKROOT; };
		EA29D7241B3315F1002DCCAF /* Story.h */ = {isa = PBXFileReference; fileEncoding = 4; lastKnownFileType = sourcecode.c.h; path = Story.h; sourceTree = "<group>"; };
		EA29D7251B3315F1002DCCAF /* Story.m */ = {isa = PBXFileReference; fileEncoding = 4; lastKnownFileType = sourcecode.c.objc; path = Story.m; sourceTree = "<group>"; };
		EA29D7271B3315F2002DCCAF /* Date.h */ = {isa = PBXFileReference; fileEncoding = 4; lastKnownFileType = sourcecode.c.h; path = Date.h; sourceTree = "<group>"; };
		EA29D7281B3315F2002DCCAF /* Date.m */ = {isa = PBXFileReference; fileEncoding = 4; lastKnownFileType = sourcecode.c.objc; path = Date.m; sourceTree = "<group>"; };
		EA29D72A1B3315F2002DCCAF /* Theme.h */ = {isa = PBXFileReference; fileEncoding = 4; lastKnownFileType = sourcecode.c.h; path = Theme.h; sourceTree = "<group>"; };
		EA29D72B1B3315F2002DCCAF /* Theme.m */ = {isa = PBXFileReference; fileEncoding = 4; lastKnownFileType = sourcecode.c.objc; path = Theme.m; sourceTree = "<group>"; };
		EA29D72D1B3315F2002DCCAF /* ThemeStory.h */ = {isa = PBXFileReference; fileEncoding = 4; lastKnownFileType = sourcecode.c.h; path = ThemeStory.h; sourceTree = "<group>"; };
		EA29D72E1B3315F2002DCCAF /* ThemeStory.m */ = {isa = PBXFileReference; fileEncoding = 4; lastKnownFileType = sourcecode.c.objc; path = ThemeStory.m; sourceTree = "<group>"; };
		EA43A6FE1B369A2700FF3FF0 /* DailyTableSectionHeader.xib */ = {isa = PBXFileReference; fileEncoding = 4; lastKnownFileType = file.xib; path = DailyTableSectionHeader.xib; sourceTree = "<group>"; };
		EA43A7001B369F7900FF3FF0 /* DailyTableSectionHeader.h */ = {isa = PBXFileReference; fileEncoding = 4; lastKnownFileType = sourcecode.c.h; path = DailyTableSectionHeader.h; sourceTree = "<group>"; };
		EA43A7011B369F7900FF3FF0 /* DailyTableSectionHeader.m */ = {isa = PBXFileReference; fileEncoding = 4; lastKnownFileType = sourcecode.c.objc; path = DailyTableSectionHeader.m; sourceTree = "<group>"; };
		EA82B5901B4564AA004042AA /* TopStory.h */ = {isa = PBXFileReference; fileEncoding = 4; lastKnownFileType = sourcecode.c.h; path = TopStory.h; sourceTree = "<group>"; };
		EA82B5911B4564AA004042AA /* TopStory.m */ = {isa = PBXFileReference; fileEncoding = 4; lastKnownFileType = sourcecode.c.objc; path = TopStory.m; sourceTree = "<group>"; };
		EA82B5931B457AE7004042AA /* ZhiHuHot 4.xcdatamodel */ = {isa = PBXFileReference; lastKnownFileType = wrapper.xcdatamodel; path = "ZhiHuHot 4.xcdatamodel"; sourceTree = "<group>"; };
		EAA74EF21B31A7E100EE9360 /* MenuTableViewController.h */ = {isa = PBXFileReference; fileEncoding = 4; lastKnownFileType = sourcecode.c.h; path = MenuTableViewController.h; sourceTree = "<group>"; };
		EAA74EF31B31A7E100EE9360 /* MenuTableViewController.m */ = {isa = PBXFileReference; fileEncoding = 4; lastKnownFileType = sourcecode.c.objc; path = MenuTableViewController.m; sourceTree = "<group>"; };
		EAA74EFB1B31AF0D00EE9360 /* ContentViewController.h */ = {isa = PBXFileReference; fileEncoding = 4; lastKnownFileType = sourcecode.c.h; path = ContentViewController.h; sourceTree = "<group>"; };
		EAA74EFC1B31AF0D00EE9360 /* ContentViewController.m */ = {isa = PBXFileReference; fileEncoding = 4; lastKnownFileType = sourcecode.c.objc; path = ContentViewController.m; sourceTree = "<group>"; };
		EAA74F0A1B31B9B300EE9360 /* Main.storyboard */ = {isa = PBXFileReference; fileEncoding = 4; lastKnownFileType = file.storyboard; path = Main.storyboard; sourceTree = "<group>"; };
		EAA74F0C1B31BC1300EE9360 /* DailyTableViewController.h */ = {isa = PBXFileReference; fileEncoding = 4; lastKnownFileType = sourcecode.c.h; path = DailyTableViewController.h; sourceTree = "<group>"; };
		EAA74F0D1B31BC1300EE9360 /* DailyTableViewController.m */ = {isa = PBXFileReference; fileEncoding = 4; lastKnownFileType = sourcecode.c.objc; path = DailyTableViewController.m; sourceTree = "<group>"; };
		EAA74F0F1B31BC4400EE9360 /* SubjectTableViewController.h */ = {isa = PBXFileReference; fileEncoding = 4; lastKnownFileType = sourcecode.c.h; path = SubjectTableViewController.h; sourceTree = "<group>"; };
		EAA74F101B31BC4400EE9360 /* SubjectTableViewController.m */ = {isa = PBXFileReference; fileEncoding = 4; lastKnownFileType = sourcecode.c.objc; path = SubjectTableViewController.m; sourceTree = "<group>"; };
		EAAFDBAC1B3BF612007DA451 /* EGORefreshTableHeaderView.h */ = {isa = PBXFileReference; fileEncoding = 4; lastKnownFileType = sourcecode.c.h; path = EGORefreshTableHeaderView.h; sourceTree = "<group>"; };
		EAAFDBAD1B3BF612007DA451 /* EGORefreshTableHeaderView.m */ = {isa = PBXFileReference; fileEncoding = 4; lastKnownFileType = sourcecode.c.objc; path = EGORefreshTableHeaderView.m; sourceTree = "<group>"; };
		EAAFDBAF1B3BF612007DA451 /* LoadMoreTableFooterView.h */ = {isa = PBXFileReference; fileEncoding = 4; lastKnownFileType = sourcecode.c.h; path = LoadMoreTableFooterView.h; sourceTree = "<group>"; };
		EAAFDBB01B3BF612007DA451 /* LoadMoreTableFooterView.m */ = {isa = PBXFileReference; fileEncoding = 4; lastKnownFileType = sourcecode.c.objc; path = LoadMoreTableFooterView.m; sourceTree = "<group>"; };
		EAAFDBB21B3BF612007DA451 /* blackArrow.png */ = {isa = PBXFileReference; lastKnownFileType = image.png; path = blackArrow.png; sourceTree = "<group>"; };
		EAAFDBB31B3BF612007DA451 /* blackArrow@2x.png */ = {isa = PBXFileReference; lastKnownFileType = image.png; path = "blackArrow@2x.png"; sourceTree = "<group>"; };
		EAAFDBB41B3BF612007DA451 /* blackArrowLoadMore.png */ = {isa = PBXFileReference; lastKnownFileType = image.png; path = blackArrowLoadMore.png; sourceTree = "<group>"; };
		EAAFDBB51B3BF612007DA451 /* blackArrowLoadMore@2x.png */ = {isa = PBXFileReference; lastKnownFileType = image.png; path = "blackArrowLoadMore@2x.png"; sourceTree = "<group>"; };
		EAAFDBB61B3BF612007DA451 /* blueArrow.png */ = {isa = PBXFileReference; lastKnownFileType = image.png; path = blueArrow.png; sourceTree = "<group>"; };
		EAAFDBB71B3BF612007DA451 /* blueArrow@2x.png */ = {isa = PBXFileReference; lastKnownFileType = image.png; path = "blueArrow@2x.png"; sourceTree = "<group>"; };
		EAAFDBB81B3BF612007DA451 /* blueArrowLoadMore.png */ = {isa = PBXFileReference; lastKnownFileType = image.png; path = blueArrowLoadMore.png; sourceTree = "<group>"; };
		EAAFDBB91B3BF612007DA451 /* blueArrowLoadMore@2x.png */ = {isa = PBXFileReference; lastKnownFileType = image.png; path = "blueArrowLoadMore@2x.png"; sourceTree = "<group>"; };
		EAAFDBBA1B3BF612007DA451 /* grayArrow.png */ = {isa = PBXFileReference; lastKnownFileType = image.png; path = grayArrow.png; sourceTree = "<group>"; };
		EAAFDBBB1B3BF612007DA451 /* grayArrow@2x.png */ = {isa = PBXFileReference; lastKnownFileType = image.png; path = "grayArrow@2x.png"; sourceTree = "<group>"; };
		EAAFDBBC1B3BF612007DA451 /* grayArrowLoadMore.png */ = {isa = PBXFileReference; lastKnownFileType = image.png; path = grayArrowLoadMore.png; sourceTree = "<group>"; };
		EAAFDBBD1B3BF612007DA451 /* grayArrowLoadMore@2x.png */ = {isa = PBXFileReference; lastKnownFileType = image.png; path = "grayArrowLoadMore@2x.png"; sourceTree = "<group>"; };
		EAAFDBBE1B3BF612007DA451 /* whiteArrow.png */ = {isa = PBXFileReference; lastKnownFileType = image.png; path = whiteArrow.png; sourceTree = "<group>"; };
		EAAFDBBF1B3BF612007DA451 /* whiteArrow@2x.png */ = {isa = PBXFileReference; lastKnownFileType = image.png; path = "whiteArrow@2x.png"; sourceTree = "<group>"; };
		EAAFDBC01B3BF612007DA451 /* whiteArrowLoadMore.png */ = {isa = PBXFileReference; lastKnownFileType = image.png; path = whiteArrowLoadMore.png; sourceTree = "<group>"; };
		EAAFDBC11B3BF612007DA451 /* whiteArrowLoadMore@2x.png */ = {isa = PBXFileReference; lastKnownFileType = image.png; path = "whiteArrowLoadMore@2x.png"; sourceTree = "<group>"; };
		EABAA8C21B3D3B540056D242 /* 知乎日报-API-分析.md */ = {isa = PBXFileReference; fileEncoding = 4; lastKnownFileType = net.daringfireball.markdown; path = "知乎日报-API-分析.md"; sourceTree = "<group>"; };
		EABAA8D11B3D4CA60056D242 /* en */ = {isa = PBXFileReference; lastKnownFileType = text.plist.strings; name = en; path = Localizable.strings; sourceTree = "<group>"; };
		EABAA8D51B3D4CB30056D242 /* zh-Hans */ = {isa = PBXFileReference; lastKnownFileType = text.plist.strings; name = "zh-Hans"; path = Localizable.strings; sourceTree = "<group>"; };
		EABE318F1B38FC730004BB69 /* Doc */ = {isa = PBXFileReference; fileEncoding = 4; lastKnownFileType = text; path = Doc; sourceTree = "<group>"; };
		EAC288341B30459600390CFB /* ZhiHuHot.app */ = {isa = PBXFileReference; explicitFileType = wrapper.application; includeInIndex = 0; path = ZhiHuHot.app; sourceTree = BUILT_PRODUCTS_DIR; };
		EAC288381B30459600390CFB /* Info.plist */ = {isa = PBXFileReference; lastKnownFileType = text.plist.xml; path = Info.plist; sourceTree = "<group>"; };
		EAC288391B30459600390CFB /* main.m */ = {isa = PBXFileReference; lastKnownFileType = sourcecode.c.objc; path = main.m; sourceTree = "<group>"; };
		EAC2883B1B30459600390CFB /* AppDelegate.h */ = {isa = PBXFileReference; lastKnownFileType = sourcecode.c.h; path = AppDelegate.h; sourceTree = "<group>"; };
		EAC2883C1B30459600390CFB /* AppDelegate.m */ = {isa = PBXFileReference; lastKnownFileType = sourcecode.c.objc; path = AppDelegate.m; sourceTree = "<group>"; };
		EAC2883F1B30459600390CFB /* ZhiHuHot.xcdatamodel */ = {isa = PBXFileReference; lastKnownFileType = wrapper.xcdatamodel; path = ZhiHuHot.xcdatamodel; sourceTree = "<group>"; };
		EAC288471B30459700390CFB /* Images.xcassets */ = {isa = PBXFileReference; lastKnownFileType = folder.assetcatalog; path = Images.xcassets; sourceTree = "<group>"; };
		EAC2884A1B30459700390CFB /* Base */ = {isa = PBXFileReference; lastKnownFileType = file.xib; name = Base; path = Base.lproj/LaunchScreen.xib; sourceTree = "<group>"; };
		EAC288501B30459700390CFB /* ZhiHuHotTests.xctest */ = {isa = PBXFileReference; explicitFileType = wrapper.cfbundle; includeInIndex = 0; path = ZhiHuHotTests.xctest; sourceTree = BUILT_PRODUCTS_DIR; };
		EAC288551B30459700390CFB /* Info.plist */ = {isa = PBXFileReference; lastKnownFileType = text.plist.xml; path = Info.plist; sourceTree = "<group>"; };
		EAC288561B30459700390CFB /* ZhiHuHotTests.m */ = {isa = PBXFileReference; lastKnownFileType = sourcecode.c.objc; path = ZhiHuHotTests.m; sourceTree = "<group>"; };
		EAC880C81B41623600946EC9 /* ImagesScrollView.h */ = {isa = PBXFileReference; fileEncoding = 4; lastKnownFileType = sourcecode.c.h; path = ImagesScrollView.h; sourceTree = "<group>"; };
		EAC880C91B41623600946EC9 /* ImagesScrollView.m */ = {isa = PBXFileReference; fileEncoding = 4; lastKnownFileType = sourcecode.c.objc; path = ImagesScrollView.m; sourceTree = "<group>"; };
		EAC880D11B417E8800946EC9 /* ZhiHuHot 2.xcdatamodel */ = {isa = PBXFileReference; lastKnownFileType = wrapper.xcdatamodel; path = "ZhiHuHot 2.xcdatamodel"; sourceTree = "<group>"; };
		EAC880D21B417EA600946EC9 /* ZhiHuHot 3.xcdatamodel */ = {isa = PBXFileReference; lastKnownFileType = wrapper.xcdatamodel; path = "ZhiHuHot 3.xcdatamodel"; sourceTree = "<group>"; };
		EADD2F0D1B33D56E0087C1CA /* NetClient.h */ = {isa = PBXFileReference; fileEncoding = 4; lastKnownFileType = sourcecode.c.h; path = NetClient.h; sourceTree = "<group>"; };
		EADD2F0E1B33D56E0087C1CA /* NetClient.m */ = {isa = PBXFileReference; fileEncoding = 4; lastKnownFileType = sourcecode.c.objc; path = NetClient.m; sourceTree = "<group>"; };
		EADD2F141B3417F40087C1CA /* AppHelper.h */ = {isa = PBXFileReference; fileEncoding = 4; lastKnownFileType = sourcecode.c.h; path = AppHelper.h; sourceTree = "<group>"; };
		EADD2F151B3417F40087C1CA /* AppHelper.m */ = {isa = PBXFileReference; fileEncoding = 4; lastKnownFileType = sourcecode.c.objc; path = AppHelper.m; sourceTree = "<group>"; };
		EADD2F171B34191C0087C1CA /* Definitions.h */ = {isa = PBXFileReference; lastKnownFileType = sourcecode.c.h; path = Definitions.h; sourceTree = "<group>"; };
		EAFD51CD1B392F9B007307BE /* ListTableViewCell.h */ = {isa = PBXFileReference; fileEncoding = 4; lastKnownFileType = sourcecode.c.h; path = ListTableViewCell.h; sourceTree = "<group>"; };
		EAFD51CE1B392F9B007307BE /* ListTableViewCell.m */ = {isa = PBXFileReference; fileEncoding = 4; lastKnownFileType = sourcecode.c.objc; path = ListTableViewCell.m; sourceTree = "<group>"; };
		EAFD51D51B396D31007307BE /* ContentHeaderView.xib */ = {isa = PBXFileReference; fileEncoding = 4; lastKnownFileType = file.xib; path = ContentHeaderView.xib; sourceTree = "<group>"; };
		EAFD51D71B396D59007307BE /* ContentHeaderView.h */ = {isa = PBXFileReference; fileEncoding = 4; lastKnownFileType = sourcecode.c.h; path = ContentHeaderView.h; sourceTree = "<group>"; };
		EAFD51D81B396D59007307BE /* ContentHeaderView.m */ = {isa = PBXFileReference; fileEncoding = 4; lastKnownFileType = sourcecode.c.objc; path = ContentHeaderView.m; sourceTree = "<group>"; };
		EAFD51DA1B39A6F1007307BE /* LinkViewController.h */ = {isa = PBXFileReference; fileEncoding = 4; lastKnownFileType = sourcecode.c.h; path = LinkViewController.h; sourceTree = "<group>"; };
		EAFD51DB1B39A6F1007307BE /* LinkViewController.m */ = {isa = PBXFileReference; fileEncoding = 4; lastKnownFileType = sourcecode.c.objc; path = LinkViewController.m; sourceTree = "<group>"; };
		EAFD51DC1B39A6F1007307BE /* LinkViewController.xib */ = {isa = PBXFileReference; fileEncoding = 4; lastKnownFileType = file.xib; path = LinkViewController.xib; sourceTree = "<group>"; };
/* End PBXFileReference section */

/* Begin PBXFrameworksBuildPhase section */
		EAC288311B30459600390CFB /* Frameworks */ = {
			isa = PBXFrameworksBuildPhase;
			buildActionMask = 2147483647;
			files = (
				EA29D7141B33134F002DCCAF /* CoreData.framework in Frameworks */,
				95FFA4E629FA97BD19FE8B4F /* libPods.a in Frameworks */,
			);
			runOnlyForDeploymentPostprocessing = 0;
		};
		EAC2884D1B30459700390CFB /* Frameworks */ = {
			isa = PBXFrameworksBuildPhase;
			buildActionMask = 2147483647;
			files = (
			);
			runOnlyForDeploymentPostprocessing = 0;
		};
/* End PBXFrameworksBuildPhase section */

/* Begin PBXGroup section */
		B80B7ED6DCA365D9972EE181 /* Frameworks */ = {
			isa = PBXGroup;
			children = (
				EA29D7131B33134F002DCCAF /* CoreData.framework */,
				AFBEBB398DE331AAA35A810D /* libPods.a */,
			);
			name = Frameworks;
			sourceTree = "<group>";
		};
		D98DD4D1C93B98A97EDE3D90 /* Pods */ = {
			isa = PBXGroup;
			children = (
				602AD774374D7FD2A394DF34 /* Pods.debug.xcconfig */,
				D2DB723098B3D2807A3403B1 /* Pods.release.xcconfig */,
			);
			name = Pods;
			sourceTree = "<group>";
		};
		EA06DF491B4230B700E30733 /* Images */ = {
			isa = PBXGroup;
			children = (
				EA06DF501B423C1800E30733 /* dailyImagePlacehold320.png */,
				EA06DF511B423C1800E30733 /* dailyImagePlacehold375.png */,
				EA06DF521B423C1800E30733 /* dailyImagePlacehold414.png */,
			);
			name = Images;
			sourceTree = "<group>";
		};
		EA29D7111B3311E1002DCCAF /* Models */ = {
			isa = PBXGroup;
			children = (
				EAC880C71B41617200946EC9 /* New Group */,
				EADD2F171B34191C0087C1CA /* Definitions.h */,
				EADD2F141B3417F40087C1CA /* AppHelper.h */,
				EADD2F151B3417F40087C1CA /* AppHelper.m */,
				EADD2F0A1B33C9890087C1CA /* Net */,
				EADD2F091B33C95B0087C1CA /* Data */,
			);
			name = Models;
			sourceTree = "<group>";
		};
		EA29D7121B3312AF002DCCAF /* ViewControllers */ = {
			isa = PBXGroup;
			children = (
				EAA74EF21B31A7E100EE9360 /* MenuTableViewController.h */,
				EAA74EF31B31A7E100EE9360 /* MenuTableViewController.m */,
				EAA74EFB1B31AF0D00EE9360 /* ContentViewController.h */,
				EAA74EFC1B31AF0D00EE9360 /* ContentViewController.m */,
				EAA74F0C1B31BC1300EE9360 /* DailyTableViewController.h */,
				EAA74F0D1B31BC1300EE9360 /* DailyTableViewController.m */,
				EAA74F0F1B31BC4400EE9360 /* SubjectTableViewController.h */,
				EAA74F101B31BC4400EE9360 /* SubjectTableViewController.m */,
				EA43A7001B369F7900FF3FF0 /* DailyTableSectionHeader.h */,
				EA43A7011B369F7900FF3FF0 /* DailyTableSectionHeader.m */,
				EAFD51CD1B392F9B007307BE /* ListTableViewCell.h */,
				EAFD51CE1B392F9B007307BE /* ListTableViewCell.m */,
				EAFD51D71B396D59007307BE /* ContentHeaderView.h */,
				EAFD51D81B396D59007307BE /* ContentHeaderView.m */,
				EAFD51DA1B39A6F1007307BE /* LinkViewController.h */,
				EAFD51DB1B39A6F1007307BE /* LinkViewController.m */,
				EAC880C81B41623600946EC9 /* ImagesScrollView.h */,
				EAC880C91B41623600946EC9 /* ImagesScrollView.m */,
			);
			name = ViewControllers;
			sourceTree = "<group>";
		};
		EAAFDBAA1B3BF612007DA451 /* EGOTableViewPullRefreshAndLoadMore */ = {
			isa = PBXGroup;
			children = (
				EAAFDBAB1B3BF612007DA451 /* EGORefreshClass */,
				EAAFDBAE1B3BF612007DA451 /* LoadMoreClass */,
				EAAFDBB11B3BF612007DA451 /* Resources */,
			);
			path = EGOTableViewPullRefreshAndLoadMore;
			sourceTree = "<group>";
		};
		EAAFDBAB1B3BF612007DA451 /* EGORefreshClass */ = {
			isa = PBXGroup;
			children = (
				EAAFDBAC1B3BF612007DA451 /* EGORefreshTableHeaderView.h */,
				EAAFDBAD1B3BF612007DA451 /* EGORefreshTableHeaderView.m */,
			);
			path = EGORefreshClass;
			sourceTree = "<group>";
		};
		EAAFDBAE1B3BF612007DA451 /* LoadMoreClass */ = {
			isa = PBXGroup;
			children = (
				EAAFDBAF1B3BF612007DA451 /* LoadMoreTableFooterView.h */,
				EAAFDBB01B3BF612007DA451 /* LoadMoreTableFooterView.m */,
			);
			path = LoadMoreClass;
			sourceTree = "<group>";
		};
		EAAFDBB11B3BF612007DA451 /* Resources */ = {
			isa = PBXGroup;
			children = (
				EAAFDBB21B3BF612007DA451 /* blackArrow.png */,
				EAAFDBB31B3BF612007DA451 /* blackArrow@2x.png */,
				EAAFDBB41B3BF612007DA451 /* blackArrowLoadMore.png */,
				EAAFDBB51B3BF612007DA451 /* blackArrowLoadMore@2x.png */,
				EAAFDBB61B3BF612007DA451 /* blueArrow.png */,
				EAAFDBB71B3BF612007DA451 /* blueArrow@2x.png */,
				EAAFDBB81B3BF612007DA451 /* blueArrowLoadMore.png */,
				EAAFDBB91B3BF612007DA451 /* blueArrowLoadMore@2x.png */,
				EAAFDBBA1B3BF612007DA451 /* grayArrow.png */,
				EAAFDBBB1B3BF612007DA451 /* grayArrow@2x.png */,
				EAAFDBBC1B3BF612007DA451 /* grayArrowLoadMore.png */,
				EAAFDBBD1B3BF612007DA451 /* grayArrowLoadMore@2x.png */,
				EAAFDBBE1B3BF612007DA451 /* whiteArrow.png */,
				EAAFDBBF1B3BF612007DA451 /* whiteArrow@2x.png */,
				EAAFDBC01B3BF612007DA451 /* whiteArrowLoadMore.png */,
				EAAFDBC11B3BF612007DA451 /* whiteArrowLoadMore@2x.png */,
			);
			path = Resources;
			sourceTree = "<group>";
		};
		EABAA8C11B3CDFCB0056D242 /* XIBS */ = {
			isa = PBXGroup;
			children = (
				EAFD51DC1B39A6F1007307BE /* LinkViewController.xib */,
				EAC288491B30459700390CFB /* LaunchScreen.xib */,
				EA43A6FE1B369A2700FF3FF0 /* DailyTableSectionHeader.xib */,
				EAFD51D51B396D31007307BE /* ContentHeaderView.xib */,
				EAA74F0A1B31B9B300EE9360 /* Main.storyboard */,
			);
			name = XIBS;
			sourceTree = "<group>";
		};
		EABAA8CE1B3D4BF60056D242 /* Resources */ = {
			isa = PBXGroup;
			children = (
				EABAA8D31B3D4CB30056D242 /* zh-Hans.lproj */,
				EABAA8CF1B3D4CA60056D242 /* en.lproj */,
			);
			name = Resources;
			sourceTree = "<group>";
		};
		EABAA8CF1B3D4CA60056D242 /* en.lproj */ = {
			isa = PBXGroup;
			children = (
				EABAA8D01B3D4CA60056D242 /* Localizable.strings */,
			);
			name = en.lproj;
			path = ZhiHuHot/en.lproj;
			sourceTree = "<group>";
		};
		EABAA8D31B3D4CB30056D242 /* zh-Hans.lproj */ = {
			isa = PBXGroup;
			children = (
				EABAA8D41B3D4CB30056D242 /* Localizable.strings */,
			);
			name = "zh-Hans.lproj";
			path = "ZhiHuHot/zh-Hans.lproj";
			sourceTree = "<group>";
		};
		EAC2882B1B30459600390CFB = {
			isa = PBXGroup;
			children = (
				EABAA8CE1B3D4BF60056D242 /* Resources */,
				EABE318F1B38FC730004BB69 /* Doc */,
				EABAA8C21B3D3B540056D242 /* 知乎日报-API-分析.md */,
				EAC288361B30459600390CFB /* ZhiHuHot */,
				EAC288531B30459700390CFB /* ZhiHuHotTests */,
				EAC288351B30459600390CFB /* Products */,
				D98DD4D1C93B98A97EDE3D90 /* Pods */,
				B80B7ED6DCA365D9972EE181 /* Frameworks */,
			);
			sourceTree = "<group>";
		};
		EAC288351B30459600390CFB /* Products */ = {
			isa = PBXGroup;
			children = (
				EAC288341B30459600390CFB /* ZhiHuHot.app */,
				EAC288501B30459700390CFB /* ZhiHuHotTests.xctest */,
			);
			name = Products;
			sourceTree = "<group>";
		};
		EAC288361B30459600390CFB /* ZhiHuHot */ = {
			isa = PBXGroup;
			children = (
				EA06DF491B4230B700E30733 /* Images */,
				EABAA8C11B3CDFCB0056D242 /* XIBS */,
				EAAFDBAA1B3BF612007DA451 /* EGOTableViewPullRefreshAndLoadMore */,
				EA29D7121B3312AF002DCCAF /* ViewControllers */,
				EA29D7111B3311E1002DCCAF /* Models */,
				EAC2883B1B30459600390CFB /* AppDelegate.h */,
				EAC2883C1B30459600390CFB /* AppDelegate.m */,
				EAC288471B30459700390CFB /* Images.xcassets */,
				EAC288371B30459600390CFB /* Supporting Files */,
			);
			path = ZhiHuHot;
			sourceTree = "<group>";
		};
		EAC288371B30459600390CFB /* Supporting Files */ = {
			isa = PBXGroup;
			children = (
				EAC288381B30459600390CFB /* Info.plist */,
				EAC288391B30459600390CFB /* main.m */,
			);
			name = "Supporting Files";
			sourceTree = "<group>";
		};
		EAC288531B30459700390CFB /* ZhiHuHotTests */ = {
			isa = PBXGroup;
			children = (
				EAC288561B30459700390CFB /* ZhiHuHotTests.m */,
				EAC288541B30459700390CFB /* Supporting Files */,
			);
			path = ZhiHuHotTests;
			sourceTree = "<group>";
		};
		EAC288541B30459700390CFB /* Supporting Files */ = {
			isa = PBXGroup;
			children = (
				EAC288551B30459700390CFB /* Info.plist */,
			);
			name = "Supporting Files";
			sourceTree = "<group>";
		};
		EAC880C71B41617200946EC9 /* New Group */ = {
			isa = PBXGroup;
			children = (
			);
			name = "New Group";
			sourceTree = "<group>";
		};
		EADD2F091B33C95B0087C1CA /* Data */ = {
			isa = PBXGroup;
			children = (
				EAC2883E1B30459600390CFB /* ZhiHuHot.xcdatamodeld */,
				EA82B5901B4564AA004042AA /* TopStory.h */,
				EA82B5911B4564AA004042AA /* TopStory.m */,
				EA29D72D1B3315F2002DCCAF /* ThemeStory.h */,
				EA29D72E1B3315F2002DCCAF /* ThemeStory.m */,
				EA29D72A1B3315F2002DCCAF /* Theme.h */,
				EA29D72B1B3315F2002DCCAF /* Theme.m */,
				EA29D7271B3315F2002DCCAF /* Date.h */,
				EA29D7281B3315F2002DCCAF /* Date.m */,
				EA29D7241B3315F1002DCCAF /* Story.h */,
				EA29D7251B3315F1002DCCAF /* Story.m */,
			);
			name = Data;
			sourceTree = "<group>";
		};
		EADD2F0A1B33C9890087C1CA /* Net */ = {
			isa = PBXGroup;
			children = (
				EADD2F0D1B33D56E0087C1CA /* NetClient.h */,
				EADD2F0E1B33D56E0087C1CA /* NetClient.m */,
			);
			name = Net;
			sourceTree = "<group>";
		};
/* End PBXGroup section */

/* Begin PBXNativeTarget section */
		EAC288331B30459600390CFB /* ZhiHuHot */ = {
			isa = PBXNativeTarget;
			buildConfigurationList = EAC2885A1B30459700390CFB /* Build configuration list for PBXNativeTarget "ZhiHuHot" */;
			buildPhases = (
				08F06865BD3FE86D0DFA959C /* Check Pods Manifest.lock */,
				EAC288301B30459600390CFB /* Sources */,
				EAC288311B30459600390CFB /* Frameworks */,
				EAC288321B30459600390CFB /* Resources */,
				AF4A020095B5018EE7762BB5 /* Copy Pods Resources */,
			);
			buildRules = (
			);
			dependencies = (
			);
			name = ZhiHuHot;
			productName = ZhiHuHot;
			productReference = EAC288341B30459600390CFB /* ZhiHuHot.app */;
			productType = "com.apple.product-type.application";
		};
		EAC2884F1B30459700390CFB /* ZhiHuHotTests */ = {
			isa = PBXNativeTarget;
			buildConfigurationList = EAC2885D1B30459700390CFB /* Build configuration list for PBXNativeTarget "ZhiHuHotTests" */;
			buildPhases = (
				EAC2884C1B30459700390CFB /* Sources */,
				EAC2884D1B30459700390CFB /* Frameworks */,
				EAC2884E1B30459700390CFB /* Resources */,
			);
			buildRules = (
			);
			dependencies = (
				EAC288521B30459700390CFB /* PBXTargetDependency */,
			);
			name = ZhiHuHotTests;
			productName = ZhiHuHotTests;
			productReference = EAC288501B30459700390CFB /* ZhiHuHotTests.xctest */;
			productType = "com.apple.product-type.bundle.unit-test";
		};
/* End PBXNativeTarget section */

/* Begin PBXProject section */
		EAC2882C1B30459600390CFB /* Project object */ = {
			isa = PBXProject;
			attributes = {
				LastUpgradeCheck = 0630;
				ORGANIZATIONNAME = ltt.fly;
				TargetAttributes = {
					EAC288331B30459600390CFB = {
						CreatedOnToolsVersion = 6.3.2;
						DevelopmentTeam = GHW3937Z5U;
					};
					EAC2884F1B30459700390CFB = {
						CreatedOnToolsVersion = 6.3.2;
						TestTargetID = EAC288331B30459600390CFB;
					};
				};
			};
			buildConfigurationList = EAC2882F1B30459600390CFB /* Build configuration list for PBXProject "ZhiHuHot" */;
			compatibilityVersion = "Xcode 3.2";
			developmentRegion = English;
			hasScannedForEncodings = 0;
			knownRegions = (
				en,
				Base,
				"zh-Hans",
			);
			mainGroup = EAC2882B1B30459600390CFB;
			productRefGroup = EAC288351B30459600390CFB /* Products */;
			projectDirPath = "";
			projectRoot = "";
			targets = (
				EAC288331B30459600390CFB /* ZhiHuHot */,
				EAC2884F1B30459700390CFB /* ZhiHuHotTests */,
			);
		};
/* End PBXProject section */

/* Begin PBXResourcesBuildPhase section */
		EAC288321B30459600390CFB /* Resources */ = {
			isa = PBXResourcesBuildPhase;
			buildActionMask = 2147483647;
			files = (
				EAAFDBC91B3BF612007DA451 /* blueArrow@2x.png in Resources */,
				EAAFDBCE1B3BF612007DA451 /* grayArrowLoadMore.png in Resources */,
				EAA74F0B1B31B9B300EE9360 /* Main.storyboard in Resources */,
				EAAFDBC41B3BF612007DA451 /* blackArrow.png in Resources */,
				EA06DF551B423C1800E30733 /* dailyImagePlacehold414.png in Resources */,
				EAAFDBD21B3BF612007DA451 /* whiteArrowLoadMore.png in Resources */,
				EAAFDBC61B3BF612007DA451 /* blackArrowLoadMore.png in Resources */,
				EA06DF531B423C1800E30733 /* dailyImagePlacehold320.png in Resources */,
				EAAFDBCA1B3BF612007DA451 /* blueArrowLoadMore.png in Resources */,
				EAAFDBC81B3BF612007DA451 /* blueArrow.png in Resources */,
				EA43A6FF1B369A2700FF3FF0 /* DailyTableSectionHeader.xib in Resources */,
				EAFD51DE1B39A6F1007307BE /* LinkViewController.xib in Resources */,
				EABAA8D61B3D4CB30056D242 /* Localizable.strings in Resources */,
				EAC2884B1B30459700390CFB /* LaunchScreen.xib in Resources */,
				EAAFDBC51B3BF612007DA451 /* blackArrow@2x.png in Resources */,
				EAAFDBC71B3BF612007DA451 /* blackArrowLoadMore@2x.png in Resources */,
				EABAA8D21B3D4CA60056D242 /* Localizable.strings in Resources */,
				EAAFDBCF1B3BF612007DA451 /* grayArrowLoadMore@2x.png in Resources */,
				EABE31901B38FC730004BB69 /* Doc in Resources */,
				EAC288481B30459700390CFB /* Images.xcassets in Resources */,
				EAAFDBCB1B3BF612007DA451 /* blueArrowLoadMore@2x.png in Resources */,
				EAAFDBCC1B3BF612007DA451 /* grayArrow.png in Resources */,
				EA06DF541B423C1800E30733 /* dailyImagePlacehold375.png in Resources */,
				EAAFDBD01B3BF612007DA451 /* whiteArrow.png in Resources */,
				EAAFDBD31B3BF612007DA451 /* whiteArrowLoadMore@2x.png in Resources */,
				EAFD51D61B396D31007307BE /* ContentHeaderView.xib in Resources */,
				EAAFDBD11B3BF612007DA451 /* whiteArrow@2x.png in Resources */,
				EAAFDBCD1B3BF612007DA451 /* grayArrow@2x.png in Resources */,
			);
			runOnlyForDeploymentPostprocessing = 0;
		};
		EAC2884E1B30459700390CFB /* Resources */ = {
			isa = PBXResourcesBuildPhase;
			buildActionMask = 2147483647;
			files = (
			);
			runOnlyForDeploymentPostprocessing = 0;
		};
/* End PBXResourcesBuildPhase section */

/* Begin PBXShellScriptBuildPhase section */
		08F06865BD3FE86D0DFA959C /* Check Pods Manifest.lock */ = {
			isa = PBXShellScriptBuildPhase;
			buildActionMask = 2147483647;
			files = (
			);
			inputPaths = (
			);
			name = "Check Pods Manifest.lock";
			outputPaths = (
			);
			runOnlyForDeploymentPostprocessing = 0;
			shellPath = /bin/sh;
			shellScript = "diff \"${PODS_ROOT}/../Podfile.lock\" \"${PODS_ROOT}/Manifest.lock\" > /dev/null\nif [[ $? != 0 ]] ; then\n    cat << EOM\nerror: The sandbox is not in sync with the Podfile.lock. Run 'pod install' or update your CocoaPods installation.\nEOM\n    exit 1\nfi\n";
			showEnvVarsInLog = 0;
		};
		AF4A020095B5018EE7762BB5 /* Copy Pods Resources */ = {
			isa = PBXShellScriptBuildPhase;
			buildActionMask = 2147483647;
			files = (
			);
			inputPaths = (
			);
			name = "Copy Pods Resources";
			outputPaths = (
			);
			runOnlyForDeploymentPostprocessing = 0;
			shellPath = /bin/sh;
			shellScript = "\"${SRCROOT}/Pods/Target Support Files/Pods/Pods-resources.sh\"\n";
			showEnvVarsInLog = 0;
		};
/* End PBXShellScriptBuildPhase section */

/* Begin PBXSourcesBuildPhase section */
		EAC288301B30459600390CFB /* Sources */ = {
			isa = PBXSourcesBuildPhase;
			buildActionMask = 2147483647;
			files = (
				EABAA8C31B3D3B540056D242 /* 知乎日报-API-分析.md in Sources */,
				EAAFDBC21B3BF612007DA451 /* EGORefreshTableHeaderView.m in Sources */,
				EAFD51CF1B392F9B007307BE /* ListTableViewCell.m in Sources */,
				EA82B5921B4564AA004042AA /* TopStory.m in Sources */,
				EAC288401B30459600390CFB /* ZhiHuHot.xcdatamodeld in Sources */,
				EAC880CA1B41623600946EC9 /* ImagesScrollView.m in Sources */,
				EAC2883D1B30459600390CFB /* AppDelegate.m in Sources */,
				EADD2F161B3417F40087C1CA /* AppHelper.m in Sources */,
				EA29D72F1B3315F2002DCCAF /* ThemeStory.m in Sources */,
				EAAFDBC31B3BF612007DA451 /* LoadMoreTableFooterView.m in Sources */,
				EA29D7261B3315F1002DCCAF /* Story.m in Sources */,
				EADD2F0F1B33D56E0087C1CA /* NetClient.m in Sources */,
				EAFD51DD1B39A6F1007307BE /* LinkViewController.m in Sources */,
				EA29D72C1B3315F2002DCCAF /* Theme.m in Sources */,
				EAA74EFD1B31AF0D00EE9360 /* ContentViewController.m in Sources */,
				EA29D7291B3315F2002DCCAF /* Date.m in Sources */,
				EAC2883A1B30459600390CFB /* main.m in Sources */,
				EAFD51D91B396D59007307BE /* ContentHeaderView.m in Sources */,
				EAA74EF41B31A7E100EE9360 /* MenuTableViewController.m in Sources */,
				EA43A7021B369F7900FF3FF0 /* DailyTableSectionHeader.m in Sources */,
				EAA74F111B31BC4400EE9360 /* SubjectTableViewController.m in Sources */,
				EAA74F0E1B31BC1300EE9360 /* DailyTableViewController.m in Sources */,
			);
			runOnlyForDeploymentPostprocessing = 0;
		};
		EAC2884C1B30459700390CFB /* Sources */ = {
			isa = PBXSourcesBuildPhase;
			buildActionMask = 2147483647;
			files = (
				EAC288571B30459700390CFB /* ZhiHuHotTests.m in Sources */,
			);
			runOnlyForDeploymentPostprocessing = 0;
		};
/* End PBXSourcesBuildPhase section */

/* Begin PBXTargetDependency section */
		EAC288521B30459700390CFB /* PBXTargetDependency */ = {
			isa = PBXTargetDependency;
			target = EAC288331B30459600390CFB /* ZhiHuHot */;
			targetProxy = EAC288511B30459700390CFB /* PBXContainerItemProxy */;
		};
/* End PBXTargetDependency section */

/* Begin PBXVariantGroup section */
		EABAA8D01B3D4CA60056D242 /* Localizable.strings */ = {
			isa = PBXVariantGroup;
			children = (
				EABAA8D11B3D4CA60056D242 /* en */,
			);
			name = Localizable.strings;
			sourceTree = "<group>";
		};
		EABAA8D41B3D4CB30056D242 /* Localizable.strings */ = {
			isa = PBXVariantGroup;
			children = (
				EABAA8D51B3D4CB30056D242 /* zh-Hans */,
			);
			name = Localizable.strings;
			sourceTree = "<group>";
		};
		EAC288491B30459700390CFB /* LaunchScreen.xib */ = {
			isa = PBXVariantGroup;
			children = (
				EAC2884A1B30459700390CFB /* Base */,
			);
			name = LaunchScreen.xib;
			sourceTree = "<group>";
		};
/* End PBXVariantGroup section */

/* Begin XCBuildConfiguration section */
		EAC288581B30459700390CFB /* Debug */ = {
			isa = XCBuildConfiguration;
			buildSettings = {
				ALWAYS_SEARCH_USER_PATHS = NO;
				CLANG_CXX_LANGUAGE_STANDARD = "gnu++0x";
				CLANG_CXX_LIBRARY = "libc++";
				CLANG_ENABLE_MODULES = YES;
				CLANG_ENABLE_OBJC_ARC = YES;
				CLANG_WARN_BOOL_CONVERSION = YES;
				CLANG_WARN_CONSTANT_CONVERSION = YES;
				CLANG_WARN_DIRECT_OBJC_ISA_USAGE = YES_ERROR;
				CLANG_WARN_EMPTY_BODY = YES;
				CLANG_WARN_ENUM_CONVERSION = YES;
				CLANG_WARN_INT_CONVERSION = YES;
				CLANG_WARN_OBJC_ROOT_CLASS = YES_ERROR;
				CLANG_WARN_UNREACHABLE_CODE = YES;
				CLANG_WARN__DUPLICATE_METHOD_MATCH = YES;
				"CODE_SIGN_IDENTITY[sdk=iphoneos*]" = "iPhone Developer";
				COPY_PHASE_STRIP = NO;
				DEBUG_INFORMATION_FORMAT = "dwarf-with-dsym";
				ENABLE_STRICT_OBJC_MSGSEND = YES;
				GCC_C_LANGUAGE_STANDARD = gnu99;
				GCC_DYNAMIC_NO_PIC = NO;
				GCC_NO_COMMON_BLOCKS = YES;
				GCC_OPTIMIZATION_LEVEL = 0;
				GCC_PREPROCESSOR_DEFINITIONS = (
					"DEBUG=1",
					"$(inherited)",
				);
				GCC_SYMBOLS_PRIVATE_EXTERN = NO;
				GCC_WARN_64_TO_32_BIT_CONVERSION = YES;
				GCC_WARN_ABOUT_RETURN_TYPE = YES_ERROR;
				GCC_WARN_UNDECLARED_SELECTOR = YES;
				GCC_WARN_UNINITIALIZED_AUTOS = YES_AGGRESSIVE;
				GCC_WARN_UNUSED_FUNCTION = YES;
				GCC_WARN_UNUSED_VARIABLE = YES;
				IPHONEOS_DEPLOYMENT_TARGET = 8.3;
				MTL_ENABLE_DEBUG_INFO = YES;
				ONLY_ACTIVE_ARCH = YES;
				SDKROOT = iphoneos;
			};
			name = Debug;
		};
		EAC288591B30459700390CFB /* Release */ = {
			isa = XCBuildConfiguration;
			buildSettings = {
				ALWAYS_SEARCH_USER_PATHS = NO;
				CLANG_CXX_LANGUAGE_STANDARD = "gnu++0x";
				CLANG_CXX_LIBRARY = "libc++";
				CLANG_ENABLE_MODULES = YES;
				CLANG_ENABLE_OBJC_ARC = YES;
				CLANG_WARN_BOOL_CONVERSION = YES;
				CLANG_WARN_CONSTANT_CONVERSION = YES;
				CLANG_WARN_DIRECT_OBJC_ISA_USAGE = YES_ERROR;
				CLANG_WARN_EMPTY_BODY = YES;
				CLANG_WARN_ENUM_CONVERSION = YES;
				CLANG_WARN_INT_CONVERSION = YES;
				CLANG_WARN_OBJC_ROOT_CLASS = YES_ERROR;
				CLANG_WARN_UNREACHABLE_CODE = YES;
				CLANG_WARN__DUPLICATE_METHOD_MATCH = YES;
				"CODE_SIGN_IDENTITY[sdk=iphoneos*]" = "iPhone Developer";
				COPY_PHASE_STRIP = NO;
				DEBUG_INFORMATION_FORMAT = "dwarf-with-dsym";
				ENABLE_NS_ASSERTIONS = NO;
				ENABLE_STRICT_OBJC_MSGSEND = YES;
				GCC_C_LANGUAGE_STANDARD = gnu99;
				GCC_NO_COMMON_BLOCKS = YES;
				GCC_WARN_64_TO_32_BIT_CONVERSION = YES;
				GCC_WARN_ABOUT_RETURN_TYPE = YES_ERROR;
				GCC_WARN_UNDECLARED_SELECTOR = YES;
				GCC_WARN_UNINITIALIZED_AUTOS = YES_AGGRESSIVE;
				GCC_WARN_UNUSED_FUNCTION = YES;
				GCC_WARN_UNUSED_VARIABLE = YES;
				IPHONEOS_DEPLOYMENT_TARGET = 8.3;
				MTL_ENABLE_DEBUG_INFO = NO;
				SDKROOT = iphoneos;
				VALIDATE_PRODUCT = YES;
			};
			name = Release;
		};
		EAC2885B1B30459700390CFB /* Debug */ = {
			isa = XCBuildConfiguration;
			baseConfigurationReference = 602AD774374D7FD2A394DF34 /* Pods.debug.xcconfig */;
			buildSettings = {
				ASSETCATALOG_COMPILER_APPICON_NAME = AppIcon;
				CODE_SIGN_IDENTITY = "iPhone Developer: Jianghua Ynag (VJ5RGMS3J5)";
				"CODE_SIGN_IDENTITY[sdk=iphoneos*]" = "iPhone Developer: Jianghua Ynag (VJ5RGMS3J5)";
				INFOPLIST_FILE = ZhiHuHot/Info.plist;
				IPHONEOS_DEPLOYMENT_TARGET = 7.1;
				LD_RUNPATH_SEARCH_PATHS = "$(inherited) @executable_path/Frameworks";
				PRODUCT_NAME = "$(TARGET_NAME)";
				PROVISIONING_PROFILE = "";
				USER_HEADER_SEARCH_PATHS = "$(SRCROOT)/**";
			};
			name = Debug;
		};
		EAC2885C1B30459700390CFB /* Release */ = {
			isa = XCBuildConfiguration;
			baseConfigurationReference = D2DB723098B3D2807A3403B1 /* Pods.release.xcconfig */;
			buildSettings = {
				ASSETCATALOG_COMPILER_APPICON_NAME = AppIcon;
				CODE_SIGN_IDENTITY = "iPhone Distribution: Jianghua Ynag (GHW3937Z5U)";
				"CODE_SIGN_IDENTITY[sdk=iphoneos*]" = "iPhone Distribution: Jianghua Ynag (GHW3937Z5U)";
				INFOPLIST_FILE = ZhiHuHot/Info.plist;
				IPHONEOS_DEPLOYMENT_TARGET = 7.1;
				LD_RUNPATH_SEARCH_PATHS = "$(inherited) @executable_path/Frameworks";
				PRODUCT_NAME = "$(TARGET_NAME)";
				PROVISIONING_PROFILE = "";
				USER_HEADER_SEARCH_PATHS = "$(SRCROOT)/**";
			};
			name = Release;
		};
		EAC2885E1B30459700390CFB /* Debug */ = {
			isa = XCBuildConfiguration;
			buildSettings = {
				BUNDLE_LOADER = "$(TEST_HOST)";
				FRAMEWORK_SEARCH_PATHS = (
					"$(SDKROOT)/Developer/Library/Frameworks",
					"$(inherited)",
				);
				GCC_PREPROCESSOR_DEFINITIONS = (
					"DEBUG=1",
					"$(inherited)",
				);
				INFOPLIST_FILE = ZhiHuHotTests/Info.plist;
				LD_RUNPATH_SEARCH_PATHS = "$(inherited) @executable_path/Frameworks @loader_path/Frameworks";
				PRODUCT_NAME = "$(TARGET_NAME)";
				TEST_HOST = "$(BUILT_PRODUCTS_DIR)/ZhiHuHot.app/ZhiHuHot";
			};
			name = Debug;
		};
		EAC2885F1B30459700390CFB /* Release */ = {
			isa = XCBuildConfiguration;
			buildSettings = {
				BUNDLE_LOADER = "$(TEST_HOST)";
				FRAMEWORK_SEARCH_PATHS = (
					"$(SDKROOT)/Developer/Library/Frameworks",
					"$(inherited)",
				);
				INFOPLIST_FILE = ZhiHuHotTests/Info.plist;
				LD_RUNPATH_SEARCH_PATHS = "$(inherited) @executable_path/Frameworks @loader_path/Frameworks";
				PRODUCT_NAME = "$(TARGET_NAME)";
				TEST_HOST = "$(BUILT_PRODUCTS_DIR)/ZhiHuHot.app/ZhiHuHot";
			};
			name = Release;
		};
/* End XCBuildConfiguration section */

/* Begin XCConfigurationList section */
		EAC2882F1B30459600390CFB /* Build configuration list for PBXProject "ZhiHuHot" */ = {
			isa = XCConfigurationList;
			buildConfigurations = (
				EAC288581B30459700390CFB /* Debug */,
				EAC288591B30459700390CFB /* Release */,
			);
			defaultConfigurationIsVisible = 0;
			defaultConfigurationName = Release;
		};
		EAC2885A1B30459700390CFB /* Build configuration list for PBXNativeTarget "ZhiHuHot" */ = {
			isa = XCConfigurationList;
			buildConfigurations = (
				EAC2885B1B30459700390CFB /* Debug */,
				EAC2885C1B30459700390CFB /* Release */,
			);
			defaultConfigurationIsVisible = 0;
			defaultConfigurationName = Release;
		};
		EAC2885D1B30459700390CFB /* Build configuration list for PBXNativeTarget "ZhiHuHotTests" */ = {
			isa = XCConfigurationList;
			buildConfigurations = (
				EAC2885E1B30459700390CFB /* Debug */,
				EAC2885F1B30459700390CFB /* Release */,
			);
			defaultConfigurationIsVisible = 0;
			defaultConfigurationName = Release;
		};
/* End XCConfigurationList section */

/* Begin XCVersionGroup section */
		EAC2883E1B30459600390CFB /* ZhiHuHot.xcdatamodeld */ = {
			isa = XCVersionGroup;
			children = (
				EA16E5D21B4660D80034A6ED /* ZhiHuHot 6.xcdatamodel */,
				EA16E5D11B464F720034A6ED /* ZhiHuHot 5.xcdatamodel */,
				EA82B5931B457AE7004042AA /* ZhiHuHot 4.xcdatamodel */,
				EAC880D21B417EA600946EC9 /* ZhiHuHot 3.xcdatamodel */,
				EAC880D11B417E8800946EC9 /* ZhiHuHot 2.xcdatamodel */,
				EAC2883F1B30459600390CFB /* ZhiHuHot.xcdatamodel */,
			);
			currentVersion = EA16E5D21B4660D80034A6ED /* ZhiHuHot 6.xcdatamodel */;
			path = ZhiHuHot.xcdatamodeld;
			sourceTree = "<group>";
			versionGroupType = wrapper.xcdatamodel;
		};
/* End XCVersionGroup section */
	};
	rootObject = EAC2882C1B30459600390CFB /* Project object */;
}
